
Microsoft Visual Studio Solution File, Format Version 12.00
Project("{FAE04EC0-301F-11D3-BF4B-00C04F79EFBC}") = "Motiv.CodeFix", "Src\Motiv.CodeFix\Motiv.CodeFix.csproj", "{B9A081B3-7EB9-4875-A592-7D390962EFA2}"
EndProject
Project("{FAE04EC0-301F-11D3-BF4B-00C04F79EFBC}") = "Motiv.CodeFix.Tests", "Src\Motiv.CodeFix.Tests\Motiv.CodeFix.Tests.csproj", "{C037210A-73A9-4E05-B4DC-0FEA81B1774B}"
EndProject
Global
	GlobalSection(SolutionConfigurationPlatforms) = preSolution
		Debug|Any CPU = Debug|Any CPU
		Release|Any CPU = Release|Any CPU
	EndGlobalSection
	GlobalSection(ProjectConfigurationPlatforms) = postSolution
		{B9A081B3-7EB9-4875-A592-7D390962EFA2}.Debug|Any CPU.ActiveCfg = Debug|Any CPU
		{B9A081B3-7EB9-4875-A592-7D390962EFA2}.Debug|Any CPU.Build.0 = Debug|Any CPU
		{B9A081B3-7EB9-4875-A592-7D390962EFA2}.Release|Any CPU.ActiveCfg = Release|Any CPU
		{B9A081B3-7EB9-4875-A592-7D390962EFA2}.Release|Any CPU.Build.0 = Release|Any CPU
		{C037210A-73A9-4E05-B4DC-0FEA81B1774B}.Debug|Any CPU.ActiveCfg = Debug|Any CPU
		{C037210A-73A9-4E05-B4DC-0FEA81B1774B}.Debug|Any CPU.Build.0 = Debug|Any CPU
		{C037210A-73A9-4E05-B4DC-0FEA81B1774B}.Release|Any CPU.ActiveCfg = Release|Any CPU
		{C037210A-73A9-4E05-B4DC-0FEA81B1774B}.Release|Any CPU.Build.0 = Release|Any CPU
	EndGlobalSection
EndGlobal
